// !$*UTF8*$!
{
	archiveVersion = 1;
	classes = {
	};
	objectVersion = 50;
	objects = {

/* Begin PBXBuildFile section */
		040C274B22452D34008E1BFA /* Extensions.swift in Sources */ = {isa = PBXBuildFile; fileRef = 040C274A22452D34008E1BFA /* Extensions.swift */; };
		040C275022453603008E1BFA /* KeypadCollectionViewCell.swift in Sources */ = {isa = PBXBuildFile; fileRef = 040C274E22453603008E1BFA /* KeypadCollectionViewCell.swift */; };
		040C275122453603008E1BFA /* KeypadCollectionViewCell.xib in Resources */ = {isa = PBXBuildFile; fileRef = 040C274F22453603008E1BFA /* KeypadCollectionViewCell.xib */; };
		04690D81224419F800D5379B /* CalculatorButton.swift in Sources */ = {isa = PBXBuildFile; fileRef = 04690D80224419F800D5379B /* CalculatorButton.swift */; };
		04690D8322451E6300D5379B /* HNCalKeypad.swift in Sources */ = {isa = PBXBuildFile; fileRef = 04690D8222451E6300D5379B /* HNCalKeypad.swift */; };
		04690D8522452AEF00D5379B /* HNCalKeypad.xib in Resources */ = {isa = PBXBuildFile; fileRef = 04690D8422452AEF00D5379B /* HNCalKeypad.xib */; };
		046D37BB2242A7C700E5E3DC /* HNMathExpression.swift in Sources */ = {isa = PBXBuildFile; fileRef = 046D37BA2242A7C700E5E3DC /* HNMathExpression.swift */; };
		0489C4D122426F550050D5C7 /* AppDelegate.swift in Sources */ = {isa = PBXBuildFile; fileRef = 0489C4D022426F550050D5C7 /* AppDelegate.swift */; };
		0489C4D322426F550050D5C7 /* ViewController.swift in Sources */ = {isa = PBXBuildFile; fileRef = 0489C4D222426F550050D5C7 /* ViewController.swift */; };
		0489C4D622426F550050D5C7 /* Main.storyboard in Resources */ = {isa = PBXBuildFile; fileRef = 0489C4D422426F550050D5C7 /* Main.storyboard */; };
		0489C4D822426F570050D5C7 /* Assets.xcassets in Resources */ = {isa = PBXBuildFile; fileRef = 0489C4D722426F570050D5C7 /* Assets.xcassets */; };
		0489C4DB22426F570050D5C7 /* LaunchScreen.storyboard in Resources */ = {isa = PBXBuildFile; fileRef = 0489C4D922426F570050D5C7 /* LaunchScreen.storyboard */; };
		0489C4E622426F570050D5C7 /* HNMathExpressionTests.swift in Sources */ = {isa = PBXBuildFile; fileRef = 0489C4E522426F570050D5C7 /* HNMathExpressionTests.swift */; };
		0489C4F122426F570050D5C7 /* HNMathExpressionUITests.swift in Sources */ = {isa = PBXBuildFile; fileRef = 0489C4F022426F570050D5C7 /* HNMathExpressionUITests.swift */; };
/* End PBXBuildFile section */

/* Begin PBXContainerItemProxy section */
		0489C4E222426F570050D5C7 /* PBXContainerItemProxy */ = {
			isa = PBXContainerItemProxy;
			containerPortal = 0489C4C522426F550050D5C7 /* Project object */;
			proxyType = 1;
			remoteGlobalIDString = 0489C4CC22426F550050D5C7;
			remoteInfo = HNMathExpression;
		};
		0489C4ED22426F570050D5C7 /* PBXContainerItemProxy */ = {
			isa = PBXContainerItemProxy;
			containerPortal = 0489C4C522426F550050D5C7 /* Project object */;
			proxyType = 1;
			remoteGlobalIDString = 0489C4CC22426F550050D5C7;
			remoteInfo = HNMathExpression;
		};
/* End PBXContainerItemProxy section */

/* Begin PBXFileReference section */
		040C274A22452D34008E1BFA /* Extensions.swift */ = {isa = PBXFileReference; lastKnownFileType = sourcecode.swift; path = Extensions.swift; sourceTree = "<group>"; };
		040C274E22453603008E1BFA /* KeypadCollectionViewCell.swift */ = {isa = PBXFileReference; lastKnownFileType = sourcecode.swift; path = KeypadCollectionViewCell.swift; sourceTree = "<group>"; };
		040C274F22453603008E1BFA /* KeypadCollectionViewCell.xib */ = {isa = PBXFileReference; lastKnownFileType = file.xib; path = KeypadCollectionViewCell.xib; sourceTree = "<group>"; };
		04690D80224419F800D5379B /* CalculatorButton.swift */ = {isa = PBXFileReference; lastKnownFileType = sourcecode.swift; path = CalculatorButton.swift; sourceTree = "<group>"; };
		04690D8222451E6300D5379B /* HNCalKeypad.swift */ = {isa = PBXFileReference; lastKnownFileType = sourcecode.swift; path = HNCalKeypad.swift; sourceTree = "<group>"; };
		04690D8422452AEF00D5379B /* HNCalKeypad.xib */ = {isa = PBXFileReference; lastKnownFileType = file.xib; path = HNCalKeypad.xib; sourceTree = "<group>"; };
		046D37BA2242A7C700E5E3DC /* HNMathExpression.swift */ = {isa = PBXFileReference; lastKnownFileType = sourcecode.swift; path = HNMathExpression.swift; sourceTree = "<group>"; };
		0489C4CD22426F550050D5C7 /* HNMathExpression.app */ = {isa = PBXFileReference; explicitFileType = wrapper.application; includeInIndex = 0; path = HNMathExpression.app; sourceTree = BUILT_PRODUCTS_DIR; };
		0489C4D022426F550050D5C7 /* AppDelegate.swift */ = {isa = PBXFileReference; lastKnownFileType = sourcecode.swift; path = AppDelegate.swift; sourceTree = "<group>"; };
		0489C4D222426F550050D5C7 /* ViewController.swift */ = {isa = PBXFileReference; lastKnownFileType = sourcecode.swift; path = ViewController.swift; sourceTree = "<group>"; };
		0489C4D522426F550050D5C7 /* Base */ = {isa = PBXFileReference; lastKnownFileType = file.storyboard; name = Base; path = Base.lproj/Main.storyboard; sourceTree = "<group>"; };
		0489C4D722426F570050D5C7 /* Assets.xcassets */ = {isa = PBXFileReference; lastKnownFileType = folder.assetcatalog; path = Assets.xcassets; sourceTree = "<group>"; };
		0489C4DA22426F570050D5C7 /* Base */ = {isa = PBXFileReference; lastKnownFileType = file.storyboard; name = Base; path = Base.lproj/LaunchScreen.storyboard; sourceTree = "<group>"; };
		0489C4DC22426F570050D5C7 /* Info.plist */ = {isa = PBXFileReference; lastKnownFileType = text.plist.xml; path = Info.plist; sourceTree = "<group>"; };
		0489C4E122426F570050D5C7 /* HNMathExpressionTests.xctest */ = {isa = PBXFileReference; explicitFileType = wrapper.cfbundle; includeInIndex = 0; path = HNMathExpressionTests.xctest; sourceTree = BUILT_PRODUCTS_DIR; };
		0489C4E522426F570050D5C7 /* HNMathExpressionTests.swift */ = {isa = PBXFileReference; lastKnownFileType = sourcecode.swift; path = HNMathExpressionTests.swift; sourceTree = "<group>"; };
		0489C4E722426F570050D5C7 /* Info.plist */ = {isa = PBXFileReference; lastKnownFileType = text.plist.xml; path = Info.plist; sourceTree = "<group>"; };
		0489C4EC22426F570050D5C7 /* HNMathExpressionUITests.xctest */ = {isa = PBXFileReference; explicitFileType = wrapper.cfbundle; includeInIndex = 0; path = HNMathExpressionUITests.xctest; sourceTree = BUILT_PRODUCTS_DIR; };
		0489C4F022426F570050D5C7 /* HNMathExpressionUITests.swift */ = {isa = PBXFileReference; lastKnownFileType = sourcecode.swift; path = HNMathExpressionUITests.swift; sourceTree = "<group>"; };
		0489C4F222426F570050D5C7 /* Info.plist */ = {isa = PBXFileReference; lastKnownFileType = text.plist.xml; path = Info.plist; sourceTree = "<group>"; };
/* End PBXFileReference section */

/* Begin PBXFrameworksBuildPhase section */
		0489C4CA22426F550050D5C7 /* Frameworks */ = {
			isa = PBXFrameworksBuildPhase;
			buildActionMask = 2147483647;
			files = (
			);
			runOnlyForDeploymentPostprocessing = 0;
		};
		0489C4DE22426F570050D5C7 /* Frameworks */ = {
			isa = PBXFrameworksBuildPhase;
			buildActionMask = 2147483647;
			files = (
			);
			runOnlyForDeploymentPostprocessing = 0;
		};
		0489C4E922426F570050D5C7 /* Frameworks */ = {
			isa = PBXFrameworksBuildPhase;
			buildActionMask = 2147483647;
			files = (
			);
			runOnlyForDeploymentPostprocessing = 0;
		};
/* End PBXFrameworksBuildPhase section */

/* Begin PBXGroup section */
		040C274922452D0D008E1BFA /* Components */ = {
			isa = PBXGroup;
			children = (
				04690D80224419F800D5379B /* CalculatorButton.swift */,
				04690D8622452AF500D5379B /* HNCalKeypad */,
			);
			path = Components;
			sourceTree = "<group>";
		};
		040C27522245360B008E1BFA /* cells */ = {
			isa = PBXGroup;
			children = (
				040C274E22453603008E1BFA /* KeypadCollectionViewCell.swift */,
				040C274F22453603008E1BFA /* KeypadCollectionViewCell.xib */,
			);
			path = cells;
			sourceTree = "<group>";
		};
		04690D8622452AF500D5379B /* HNCalKeypad */ = {
			isa = PBXGroup;
			children = (
				04690D8222451E6300D5379B /* HNCalKeypad.swift */,
				04690D8422452AEF00D5379B /* HNCalKeypad.xib */,
				040C27522245360B008E1BFA /* cells */,
			);
			path = HNCalKeypad;
			sourceTree = "<group>";
		};
		047EFA1C22440A0600116284 /* Extras */ = {
			isa = PBXGroup;
			children = (
				040C274A22452D34008E1BFA /* Extensions.swift */,
			);
			path = Extras;
			sourceTree = "<group>";
		};
		0489C4C422426F550050D5C7 = {
			isa = PBXGroup;
			children = (
				0489C4CF22426F550050D5C7 /* HNMathExpression */,
				0489C4E422426F570050D5C7 /* HNMathExpressionTests */,
				0489C4EF22426F570050D5C7 /* HNMathExpressionUITests */,
				0489C4CE22426F550050D5C7 /* Products */,
			);
			sourceTree = "<group>";
		};
		0489C4CE22426F550050D5C7 /* Products */ = {
			isa = PBXGroup;
			children = (
				0489C4CD22426F550050D5C7 /* HNMathExpression.app */,
				0489C4E122426F570050D5C7 /* HNMathExpressionTests.xctest */,
				0489C4EC22426F570050D5C7 /* HNMathExpressionUITests.xctest */,
			);
			name = Products;
			sourceTree = "<group>";
		};
		0489C4CF22426F550050D5C7 /* HNMathExpression */ = {
			isa = PBXGroup;
			children = (
				0489C4D022426F550050D5C7 /* AppDelegate.swift */,
				0489C4D222426F550050D5C7 /* ViewController.swift */,
				046D37BA2242A7C700E5E3DC /* HNMathExpression.swift */,
				0489C4D422426F550050D5C7 /* Main.storyboard */,
				0489C4D722426F570050D5C7 /* Assets.xcassets */,
				0489C4D922426F570050D5C7 /* LaunchScreen.storyboard */,
				0489C4DC22426F570050D5C7 /* Info.plist */,
				040C274922452D0D008E1BFA /* Components */,
				047EFA1C22440A0600116284 /* Extras */,
			);
			path = HNMathExpression;
			sourceTree = "<group>";
		};
		0489C4E422426F570050D5C7 /* HNMathExpressionTests */ = {
			isa = PBXGroup;
			children = (
				0489C4E522426F570050D5C7 /* HNMathExpressionTests.swift */,
				0489C4E722426F570050D5C7 /* Info.plist */,
			);
			path = HNMathExpressionTests;
			sourceTree = "<group>";
		};
		0489C4EF22426F570050D5C7 /* HNMathExpressionUITests */ = {
			isa = PBXGroup;
			children = (
				0489C4F022426F570050D5C7 /* HNMathExpressionUITests.swift */,
				0489C4F222426F570050D5C7 /* Info.plist */,
			);
			path = HNMathExpressionUITests;
			sourceTree = "<group>";
		};
/* End PBXGroup section */

/* Begin PBXNativeTarget section */
		0489C4CC22426F550050D5C7 /* HNMathExpression */ = {
			isa = PBXNativeTarget;
			buildConfigurationList = 0489C4F522426F570050D5C7 /* Build configuration list for PBXNativeTarget "HNMathExpression" */;
			buildPhases = (
				0489C4C922426F550050D5C7 /* Sources */,
				0489C4CA22426F550050D5C7 /* Frameworks */,
				0489C4CB22426F550050D5C7 /* Resources */,
			);
			buildRules = (
			);
			dependencies = (
			);
			name = HNMathExpression;
			productName = HNMathExpression;
			productReference = 0489C4CD22426F550050D5C7 /* HNMathExpression.app */;
			productType = "com.apple.product-type.application";
		};
		0489C4E022426F570050D5C7 /* HNMathExpressionTests */ = {
			isa = PBXNativeTarget;
			buildConfigurationList = 0489C4F822426F570050D5C7 /* Build configuration list for PBXNativeTarget "HNMathExpressionTests" */;
			buildPhases = (
				0489C4DD22426F570050D5C7 /* Sources */,
				0489C4DE22426F570050D5C7 /* Frameworks */,
				0489C4DF22426F570050D5C7 /* Resources */,
			);
			buildRules = (
			);
			dependencies = (
				0489C4E322426F570050D5C7 /* PBXTargetDependency */,
			);
			name = HNMathExpressionTests;
			productName = HNMathExpressionTests;
			productReference = 0489C4E122426F570050D5C7 /* HNMathExpressionTests.xctest */;
			productType = "com.apple.product-type.bundle.unit-test";
		};
		0489C4EB22426F570050D5C7 /* HNMathExpressionUITests */ = {
			isa = PBXNativeTarget;
			buildConfigurationList = 0489C4FB22426F570050D5C7 /* Build configuration list for PBXNativeTarget "HNMathExpressionUITests" */;
			buildPhases = (
				0489C4E822426F570050D5C7 /* Sources */,
				0489C4E922426F570050D5C7 /* Frameworks */,
				0489C4EA22426F570050D5C7 /* Resources */,
			);
			buildRules = (
			);
			dependencies = (
				0489C4EE22426F570050D5C7 /* PBXTargetDependency */,
			);
			name = HNMathExpressionUITests;
			productName = HNMathExpressionUITests;
			productReference = 0489C4EC22426F570050D5C7 /* HNMathExpressionUITests.xctest */;
			productType = "com.apple.product-type.bundle.ui-testing";
		};
/* End PBXNativeTarget section */

/* Begin PBXProject section */
		0489C4C522426F550050D5C7 /* Project object */ = {
			isa = PBXProject;
			attributes = {
				LastSwiftUpdateCheck = 1010;
				LastUpgradeCheck = 1010;
				ORGANIZATIONNAME = Mac;
				TargetAttributes = {
					0489C4CC22426F550050D5C7 = {
						CreatedOnToolsVersion = 10.1;
					};
					0489C4E022426F570050D5C7 = {
						CreatedOnToolsVersion = 10.1;
						TestTargetID = 0489C4CC22426F550050D5C7;
					};
					0489C4EB22426F570050D5C7 = {
						CreatedOnToolsVersion = 10.1;
						TestTargetID = 0489C4CC22426F550050D5C7;
					};
				};
			};
			buildConfigurationList = 0489C4C822426F550050D5C7 /* Build configuration list for PBXProject "HNMathExpression" */;
			compatibilityVersion = "Xcode 9.3";
			developmentRegion = en;
			hasScannedForEncodings = 0;
			knownRegions = (
				en,
				Base,
			);
			mainGroup = 0489C4C422426F550050D5C7;
			productRefGroup = 0489C4CE22426F550050D5C7 /* Products */;
			projectDirPath = "";
			projectRoot = "";
			targets = (
				0489C4CC22426F550050D5C7 /* HNMathExpression */,
				0489C4E022426F570050D5C7 /* HNMathExpressionTests */,
				0489C4EB22426F570050D5C7 /* HNMathExpressionUITests */,
			);
		};
/* End PBXProject section */

/* Begin PBXResourcesBuildPhase section */
		0489C4CB22426F550050D5C7 /* Resources */ = {
			isa = PBXResourcesBuildPhase;
			buildActionMask = 2147483647;
			files = (
				04690D8522452AEF00D5379B /* HNCalKeypad.xib in Resources */,
				040C275122453603008E1BFA /* KeypadCollectionViewCell.xib in Resources */,
				0489C4DB22426F570050D5C7 /* LaunchScreen.storyboard in Resources */,
				0489C4D822426F570050D5C7 /* Assets.xcassets in Resources */,
				0489C4D622426F550050D5C7 /* Main.storyboard in Resources */,
			);
			runOnlyForDeploymentPostprocessing = 0;
		};
		0489C4DF22426F570050D5C7 /* Resources */ = {
			isa = PBXResourcesBuildPhase;
			buildActionMask = 2147483647;
			files = (
			);
			runOnlyForDeploymentPostprocessing = 0;
		};
		0489C4EA22426F570050D5C7 /* Resources */ = {
			isa = PBXResourcesBuildPhase;
			buildActionMask = 2147483647;
			files = (
			);
			runOnlyForDeploymentPostprocessing = 0;
		};
/* End PBXResourcesBuildPhase section */

/* Begin PBXSourcesBuildPhase section */
		0489C4C922426F550050D5C7 /* Sources */ = {
			isa = PBXSourcesBuildPhase;
			buildActionMask = 2147483647;
			files = (
				04690D8322451E6300D5379B /* HNCalKeypad.swift in Sources */,
				040C274B22452D34008E1BFA /* Extensions.swift in Sources */,
				046D37BB2242A7C700E5E3DC /* HNMathExpression.swift in Sources */,
				0489C4D322426F550050D5C7 /* ViewController.swift in Sources */,
				0489C4D122426F550050D5C7 /* AppDelegate.swift in Sources */,
				04690D81224419F800D5379B /* CalculatorButton.swift in Sources */,
				040C275022453603008E1BFA /* KeypadCollectionViewCell.swift in Sources */,
			);
			runOnlyForDeploymentPostprocessing = 0;
		};
		0489C4DD22426F570050D5C7 /* Sources */ = {
			isa = PBXSourcesBuildPhase;
			buildActionMask = 2147483647;
			files = (
				0489C4E622426F570050D5C7 /* HNMathExpressionTests.swift in Sources */,
			);
			runOnlyForDeploymentPostprocessing = 0;
		};
		0489C4E822426F570050D5C7 /* Sources */ = {
			isa = PBXSourcesBuildPhase;
			buildActionMask = 2147483647;
			files = (
				0489C4F122426F570050D5C7 /* HNMathExpressionUITests.swift in Sources */,
			);
			runOnlyForDeploymentPostprocessing = 0;
		};
/* End PBXSourcesBuildPhase section */

/* Begin PBXTargetDependency section */
		0489C4E322426F570050D5C7 /* PBXTargetDependency */ = {
			isa = PBXTargetDependency;
			target = 0489C4CC22426F550050D5C7 /* HNMathExpression */;
			targetProxy = 0489C4E222426F570050D5C7 /* PBXContainerItemProxy */;
		};
		0489C4EE22426F570050D5C7 /* PBXTargetDependency */ = {
			isa = PBXTargetDependency;
			target = 0489C4CC22426F550050D5C7 /* HNMathExpression */;
			targetProxy = 0489C4ED22426F570050D5C7 /* PBXContainerItemProxy */;
		};
/* End PBXTargetDependency section */

/* Begin PBXVariantGroup section */
		0489C4D422426F550050D5C7 /* Main.storyboard */ = {
			isa = PBXVariantGroup;
			children = (
				0489C4D522426F550050D5C7 /* Base */,
			);
			name = Main.storyboard;
			sourceTree = "<group>";
		};
		0489C4D922426F570050D5C7 /* LaunchScreen.storyboard */ = {
			isa = PBXVariantGroup;
			children = (
				0489C4DA22426F570050D5C7 /* Base */,
			);
			name = LaunchScreen.storyboard;
			sourceTree = "<group>";
		};
/* End PBXVariantGroup section */

/* Begin XCBuildConfiguration section */
		0489C4F322426F570050D5C7 /* Debug */ = {
			isa = XCBuildConfiguration;
			buildSettings = {
				ALWAYS_SEARCH_USER_PATHS = NO;
				CLANG_ANALYZER_NONNULL = YES;
				CLANG_ANALYZER_NUMBER_OBJECT_CONVERSION = YES_AGGRESSIVE;
				CLANG_CXX_LANGUAGE_STANDARD = "gnu++14";
				CLANG_CXX_LIBRARY = "libc++";
				CLANG_ENABLE_MODULES = YES;
				CLANG_ENABLE_OBJC_ARC = YES;
				CLANG_ENABLE_OBJC_WEAK = YES;
				CLANG_WARN_BLOCK_CAPTURE_AUTORELEASING = YES;
				CLANG_WARN_BOOL_CONVERSION = YES;
				CLANG_WARN_COMMA = YES;
				CLANG_WARN_CONSTANT_CONVERSION = YES;
				CLANG_WARN_DEPRECATED_OBJC_IMPLEMENTATIONS = YES;
				CLANG_WARN_DIRECT_OBJC_ISA_USAGE = YES_ERROR;
				CLANG_WARN_DOCUMENTATION_COMMENTS = YES;
				CLANG_WARN_EMPTY_BODY = YES;
				CLANG_WARN_ENUM_CONVERSION = YES;
				CLANG_WARN_INFINITE_RECURSION = YES;
				CLANG_WARN_INT_CONVERSION = YES;
				CLANG_WARN_NON_LITERAL_NULL_CONVERSION = YES;
				CLANG_WARN_OBJC_IMPLICIT_RETAIN_SELF = YES;
				CLANG_WARN_OBJC_LITERAL_CONVERSION = YES;
				CLANG_WARN_OBJC_ROOT_CLASS = YES_ERROR;
				CLANG_WARN_RANGE_LOOP_ANALYSIS = YES;
				CLANG_WARN_STRICT_PROTOTYPES = YES;
				CLANG_WARN_SUSPICIOUS_MOVE = YES;
				CLANG_WARN_UNGUARDED_AVAILABILITY = YES_AGGRESSIVE;
				CLANG_WARN_UNREACHABLE_CODE = YES;
				CLANG_WARN__DUPLICATE_METHOD_MATCH = YES;
				CODE_SIGN_IDENTITY = "iPhone Developer";
				COPY_PHASE_STRIP = NO;
				DEBUG_INFORMATION_FORMAT = dwarf;
				ENABLE_STRICT_OBJC_MSGSEND = YES;
				ENABLE_TESTABILITY = YES;
				GCC_C_LANGUAGE_STANDARD = gnu11;
				GCC_DYNAMIC_NO_PIC = NO;
				GCC_NO_COMMON_BLOCKS = YES;
				GCC_OPTIMIZATION_LEVEL = 0;
				GCC_PREPROCESSOR_DEFINITIONS = (
					"DEBUG=1",
					"$(inherited)",
				);
				GCC_WARN_64_TO_32_BIT_CONVERSION = YES;
				GCC_WARN_ABOUT_RETURN_TYPE = YES_ERROR;
				GCC_WARN_UNDECLARED_SELECTOR = YES;
				GCC_WARN_UNINITIALIZED_AUTOS = YES_AGGRESSIVE;
				GCC_WARN_UNUSED_FUNCTION = YES;
				GCC_WARN_UNUSED_VARIABLE = YES;
				IPHONEOS_DEPLOYMENT_TARGET = 12.1;
				MTL_ENABLE_DEBUG_INFO = INCLUDE_SOURCE;
				MTL_FAST_MATH = YES;
				ONLY_ACTIVE_ARCH = YES;
				SDKROOT = iphoneos;
				SWIFT_ACTIVE_COMPILATION_CONDITIONS = DEBUG;
				SWIFT_OPTIMIZATION_LEVEL = "-Onone";
			};
			name = Debug;
		};
		0489C4F422426F570050D5C7 /* Release */ = {
			isa = XCBuildConfiguration;
			buildSettings = {
				ALWAYS_SEARCH_USER_PATHS = NO;
				CLANG_ANALYZER_NONNULL = YES;
				CLANG_ANALYZER_NUMBER_OBJECT_CONVERSION = YES_AGGRESSIVE;
				CLANG_CXX_LANGUAGE_STANDARD = "gnu++14";
				CLANG_CXX_LIBRARY = "libc++";
				CLANG_ENABLE_MODULES = YES;
				CLANG_ENABLE_OBJC_ARC = YES;
				CLANG_ENABLE_OBJC_WEAK = YES;
				CLANG_WARN_BLOCK_CAPTURE_AUTORELEASING = YES;
				CLANG_WARN_BOOL_CONVERSION = YES;
				CLANG_WARN_COMMA = YES;
				CLANG_WARN_CONSTANT_CONVERSION = YES;
				CLANG_WARN_DEPRECATED_OBJC_IMPLEMENTATIONS = YES;
				CLANG_WARN_DIRECT_OBJC_ISA_USAGE = YES_ERROR;
				CLANG_WARN_DOCUMENTATION_COMMENTS = YES;
				CLANG_WARN_EMPTY_BODY = YES;
				CLANG_WARN_ENUM_CONVERSION = YES;
				CLANG_WARN_INFINITE_RECURSION = YES;
				CLANG_WARN_INT_CONVERSION = YES;
				CLANG_WARN_NON_LITERAL_NULL_CONVERSION = YES;
				CLANG_WARN_OBJC_IMPLICIT_RETAIN_SELF = YES;
				CLANG_WARN_OBJC_LITERAL_CONVERSION = YES;
				CLANG_WARN_OBJC_ROOT_CLASS = YES_ERROR;
				CLANG_WARN_RANGE_LOOP_ANALYSIS = YES;
				CLANG_WARN_STRICT_PROTOTYPES = YES;
				CLANG_WARN_SUSPICIOUS_MOVE = YES;
				CLANG_WARN_UNGUARDED_AVAILABILITY = YES_AGGRESSIVE;
				CLANG_WARN_UNREACHABLE_CODE = YES;
				CLANG_WARN__DUPLICATE_METHOD_MATCH = YES;
				CODE_SIGN_IDENTITY = "iPhone Developer";
				COPY_PHASE_STRIP = NO;
				DEBUG_INFORMATION_FORMAT = "dwarf-with-dsym";
				ENABLE_NS_ASSERTIONS = NO;
				ENABLE_STRICT_OBJC_MSGSEND = YES;
				GCC_C_LANGUAGE_STANDARD = gnu11;
				GCC_NO_COMMON_BLOCKS = YES;
				GCC_WARN_64_TO_32_BIT_CONVERSION = YES;
				GCC_WARN_ABOUT_RETURN_TYPE = YES_ERROR;
				GCC_WARN_UNDECLARED_SELECTOR = YES;
				GCC_WARN_UNINITIALIZED_AUTOS = YES_AGGRESSIVE;
				GCC_WARN_UNUSED_FUNCTION = YES;
				GCC_WARN_UNUSED_VARIABLE = YES;
				IPHONEOS_DEPLOYMENT_TARGET = 12.1;
				MTL_ENABLE_DEBUG_INFO = NO;
				MTL_FAST_MATH = YES;
				SDKROOT = iphoneos;
				SWIFT_COMPILATION_MODE = wholemodule;
				SWIFT_OPTIMIZATION_LEVEL = "-O";
				VALIDATE_PRODUCT = YES;
			};
			name = Release;
		};
		0489C4F622426F570050D5C7 /* Debug */ = {
			isa = XCBuildConfiguration;
			buildSettings = {
				ASSETCATALOG_COMPILER_APPICON_NAME = AppIcon;
				CODE_SIGN_STYLE = Automatic;
				DEVELOPMENT_TEAM = 83CKL8DQ7Z;
				INFOPLIST_FILE = HNMathExpression/Info.plist;
				LD_RUNPATH_SEARCH_PATHS = (
					"$(inherited)",
					"@executable_path/Frameworks",
				);
				PRODUCT_BUNDLE_IDENTIFIER = com.hadynourallah.HNMathExpression;
				PRODUCT_NAME = "$(TARGET_NAME)";
				SWIFT_VERSION = 4.2;
				TARGETED_DEVICE_FAMILY = "1,2";
			};
			name = Debug;
		};
		0489C4F722426F570050D5C7 /* Release */ = {
			isa = XCBuildConfiguration;
			buildSettings = {
				ASSETCATALOG_COMPILER_APPICON_NAME = AppIcon;
				CODE_SIGN_STYLE = Automatic;
				DEVELOPMENT_TEAM = 83CKL8DQ7Z;
				INFOPLIST_FILE = HNMathExpression/Info.plist;
				LD_RUNPATH_SEARCH_PATHS = (
					"$(inherited)",
					"@executable_path/Frameworks",
				);
				PRODUCT_BUNDLE_IDENTIFIER = com.hadynourallah.HNMathExpression;
				PRODUCT_NAME = "$(TARGET_NAME)";
				SWIFT_VERSION = 4.2;
				TARGETED_DEVICE_FAMILY = "1,2";
			};
			name = Release;
		};
		0489C4F922426F570050D5C7 /* Debug */ = {
			isa = XCBuildConfiguration;
			buildSettings = {
				ALWAYS_EMBED_SWIFT_STANDARD_LIBRARIES = YES;
				BUNDLE_LOADER = "$(TEST_HOST)";
				CODE_SIGN_STYLE = Automatic;
				DEVELOPMENT_TEAM = 83CKL8DQ7Z;
				INFOPLIST_FILE = HNMathExpressionTests/Info.plist;
				LD_RUNPATH_SEARCH_PATHS = (
					"$(inherited)",
					"@executable_path/Frameworks",
					"@loader_path/Frameworks",
				);
				PRODUCT_BUNDLE_IDENTIFIER = com.hadynourallah.HNMathExpressionTests;
				PRODUCT_NAME = "$(TARGET_NAME)";
				SWIFT_VERSION = 4.2;
				TARGETED_DEVICE_FAMILY = "1,2";
				TEST_HOST = "$(BUILT_PRODUCTS_DIR)/HNMathExpression.app/HNMathExpression";
			};
			name = Debug;
		};
		0489C4FA22426F570050D5C7 /* Release */ = {
			isa = XCBuildConfiguration;
			buildSettings = {
				ALWAYS_EMBED_SWIFT_STANDARD_LIBRARIES = YES;
				BUNDLE_LOADER = "$(TEST_HOST)";
				CODE_SIGN_STYLE = Automatic;
				DEVELOPMENT_TEAM = 83CKL8DQ7Z;
				INFOPLIST_FILE = HNMathExpressionTests/Info.plist;
				LD_RUNPATH_SEARCH_PATHS = (
					"$(inherited)",
					"@executable_path/Frameworks",
					"@loader_path/Frameworks",
				);
				PRODUCT_BUNDLE_IDENTIFIER = com.hadynourallah.HNMathExpressionTests;
				PRODUCT_NAME = "$(TARGET_NAME)";
				SWIFT_VERSION = 4.2;
				TARGETED_DEVICE_FAMILY = "1,2";
				TEST_HOST = "$(BUILT_PRODUCTS_DIR)/HNMathExpression.app/HNMathExpression";
			};
			name = Release;
		};
		0489C4FC22426F570050D5C7 /* Debug */ = {
			isa = XCBuildConfiguration;
			buildSettings = {
				ALWAYS_EMBED_SWIFT_STANDARD_LIBRARIES = YES;
				CODE_SIGN_STYLE = Automatic;
				DEVELOPMENT_TEAM = 83CKL8DQ7Z;
				INFOPLIST_FILE = HNMathExpressionUITests/Info.plist;
				LD_RUNPATH_SEARCH_PATHS = (
					"$(inherited)",
					"@executable_path/Frameworks",
					"@loader_path/Frameworks",
				);
				PRODUCT_BUNDLE_IDENTIFIER = com.hadynourallah.HNMathExpressionUITests;
				PRODUCT_NAME = "$(TARGET_NAME)";
				SWIFT_VERSION = 4.2;
				TARGETED_DEVICE_FAMILY = "1,2";
				TEST_TARGET_NAME = HNMathExpression;
			};
			name = Debug;
		};
		0489C4FD22426F570050D5C7 /* Release */ = {
			isa = XCBuildConfiguration;
			buildSettings = {
				ALWAYS_EMBED_SWIFT_STANDARD_LIBRARIES = YES;
				CODE_SIGN_STYLE = Automatic;
				DEVELOPMENT_TEAM = 83CKL8DQ7Z;
				INFOPLIST_FILE = HNMathExpressionUITests/Info.plist;
				LD_RUNPATH_SEARCH_PATHS = (
					"$(inherited)",
					"@executable_path/Frameworks",
					"@loader_path/Frameworks",
				);
				PRODUCT_BUNDLE_IDENTIFIER = com.hadynourallah.HNMathExpressionUITests;
				PRODUCT_NAME = "$(TARGET_NAME)";
				SWIFT_VERSION = 4.2;
				TARGETED_DEVICE_FAMILY = "1,2";
				TEST_TARGET_NAME = HNMathExpression;
			};
			name = Release;
		};
/* End XCBuildConfiguration section */

/* Begin XCConfigurationList section */
		0489C4C822426F550050D5C7 /* Build configuration list for PBXProject "HNMathExpression" */ = {
			isa = XCConfigurationList;
			buildConfigurations = (
				0489C4F322426F570050D5C7 /* Debug */,
				0489C4F422426F570050D5C7 /* Release */,
			);
			defaultConfigurationIsVisible = 0;
			defaultConfigurationName = Release;
		};
		0489C4F522426F570050D5C7 /* Build configuration list for PBXNativeTarget "HNMathExpression" */ = {
			isa = XCConfigurationList;
			buildConfigurations = (
				0489C4F622426F570050D5C7 /* Debug */,
				0489C4F722426F570050D5C7 /* Release */,
			);
			defaultConfigurationIsVisible = 0;
			defaultConfigurationName = Release;
		};
		0489C4F822426F570050D5C7 /* Build configuration list for PBXNativeTarget "HNMathExpressionTests" */ = {
			isa = XCConfigurationList;
			buildConfigurations = (
				0489C4F922426F570050D5C7 /* Debug */,
				0489C4FA22426F570050D5C7 /* Release */,
			);
			defaultConfigurationIsVisible = 0;
			defaultConfigurationName = Release;
		};
		0489C4FB22426F570050D5C7 /* Build configuration list for PBXNativeTarget "HNMathExpressionUITests" */ = {
			isa = XCConfigurationList;
			buildConfigurations = (
				0489C4FC22426F570050D5C7 /* Debug */,
				0489C4FD22426F570050D5C7 /* Release */,
			);
			defaultConfigurationIsVisible = 0;
			defaultConfigurationName = Release;
		};
/* End XCConfigurationList section */
	};
	rootObject = 0489C4C522426F550050D5C7 /* Project object */;
}
